
Microsoft Visual Studio Solution File, Format Version 12.00
# Visual Studio Version 16
VisualStudioVersion = 16.0.31112.23
MinimumVisualStudioVersion = 10.0.40219.1
Project("{FAE04EC0-301F-11D3-BF4B-00C04F79EFBC}") = "Aplikasi_kalkulator_sederhanaPBKK", "Aplikasi_kalkulator_sederhanaPBKK.csproj", "{61D1C82A-2B69-4EDF-BBB9-5940B77ABC44}"
EndProject
Global
	GlobalSection(SolutionConfigurationPlatforms) = preSolution
		Debug|Any CPU = Debug|Any CPU
		Release|Any CPU = Release|Any CPU
	EndGlobalSection
	GlobalSection(ProjectConfigurationPlatforms) = postSolution
		{61D1C82A-2B69-4EDF-BBB9-5940B77ABC44}.Debug|Any CPU.ActiveCfg = Debug|Any CPU
		{61D1C82A-2B69-4EDF-BBB9-5940B77ABC44}.Debug|Any CPU.Build.0 = Debug|Any CPU
		{61D1C82A-2B69-4EDF-BBB9-5940B77ABC44}.Release|Any CPU.ActiveCfg = Release|Any CPU
		{61D1C82A-2B69-4EDF-BBB9-5940B77ABC44}.Release|Any CPU.Build.0 = Release|Any CPU
	EndGlobalSection
	GlobalSection(SolutionProperties) = preSolution
		HideSolutionNode = FALSE
	EndGlobalSection
	GlobalSection(ExtensibilityGlobals) = postSolution
		SolutionGuid = {8D3BF899-05D7-4B31-94D5-ECAFFCF3D77A}
	EndGlobalSection
EndGlobal
